
Microsoft Visual Studio Solution File, Format Version 12.00
# Visual Studio Version 16
VisualStudioVersion = 16.0.31229.75
MinimumVisualStudioVersion = 10.0.40219.1
Project("{FAE04EC0-301F-11D3-BF4B-00C04F79EFBC}") = "prjWinCsLavalifeFinal", "prjWinCsLavalifeFinal\prjWinCsLavalifeFinal.csproj", "{46CF10E5-DB76-42BA-A2FC-364A2DABD112}"
EndProject
Global
	GlobalSection(SolutionConfigurationPlatforms) = preSolution
		Debug|Any CPU = Debug|Any CPU
		Release|Any CPU = Release|Any CPU
	EndGlobalSection
	GlobalSection(ProjectConfigurationPlatforms) = postSolution
		{46CF10E5-DB76-42BA-A2FC-364A2DABD112}.Debug|Any CPU.ActiveCfg = Debug|Any CPU
		{46CF10E5-DB76-42BA-A2FC-364A2DABD112}.Debug|Any CPU.Build.0 = Debug|Any CPU
		{46CF10E5-DB76-42BA-A2FC-364A2DABD112}.Release|Any CPU.ActiveCfg = Release|Any CPU
		{46CF10E5-DB76-42BA-A2FC-364A2DABD112}.Release|Any CPU.Build.0 = Release|Any CPU
	EndGlobalSection
	GlobalSection(SolutionProperties) = preSolution
		HideSolutionNode = FALSE
	EndGlobalSection
	GlobalSection(ExtensibilityGlobals) = postSolution
		SolutionGuid = {9D853A92-6E62-4E3D-946B-ABAAF186A724}
	EndGlobalSection
EndGlobal
